
Microsoft Visual Studio Solution File, Format Version 12.00
# Visual Studio Version 16
VisualStudioVersion = 16.0.30503.244
MinimumVisualStudioVersion = 10.0.40219.1
Project("{FAE04EC0-301F-11D3-BF4B-00C04F79EFBC}") = "Claro.Api", "Claro.Api\Claro.Api.csproj", "{8AD07218-5DF9-4938-87E0-004B6CFB8421}"
EndProject
Project("{FAE04EC0-301F-11D3-BF4B-00C04F79EFBC}") = "Claro.Business", "Claro.Business\Claro.Business.csproj", "{81A2C61E-DFC8-41E4-9CDD-DD067593D214}"
EndProject
Project("{FAE04EC0-301F-11D3-BF4B-00C04F79EFBC}") = "Claro.Data", "Claro.Data\Claro.Data.csproj", "{12AADF58-C4DA-4E43-B963-3E642AB0F6AE}"
EndProject
Global
	GlobalSection(SolutionConfigurationPlatforms) = preSolution
		Debug|Any CPU = Debug|Any CPU
		Release|Any CPU = Release|Any CPU
	EndGlobalSection
	GlobalSection(ProjectConfigurationPlatforms) = postSolution
		{8AD07218-5DF9-4938-87E0-004B6CFB8421}.Debug|Any CPU.ActiveCfg = Debug|Any CPU
		{8AD07218-5DF9-4938-87E0-004B6CFB8421}.Debug|Any CPU.Build.0 = Debug|Any CPU
		{8AD07218-5DF9-4938-87E0-004B6CFB8421}.Release|Any CPU.ActiveCfg = Release|Any CPU
		{8AD07218-5DF9-4938-87E0-004B6CFB8421}.Release|Any CPU.Build.0 = Release|Any CPU
		{81A2C61E-DFC8-41E4-9CDD-DD067593D214}.Debug|Any CPU.ActiveCfg = Debug|Any CPU
		{81A2C61E-DFC8-41E4-9CDD-DD067593D214}.Debug|Any CPU.Build.0 = Debug|Any CPU
		{81A2C61E-DFC8-41E4-9CDD-DD067593D214}.Release|Any CPU.ActiveCfg = Release|Any CPU
		{81A2C61E-DFC8-41E4-9CDD-DD067593D214}.Release|Any CPU.Build.0 = Release|Any CPU
		{12AADF58-C4DA-4E43-B963-3E642AB0F6AE}.Debug|Any CPU.ActiveCfg = Debug|Any CPU
		{12AADF58-C4DA-4E43-B963-3E642AB0F6AE}.Debug|Any CPU.Build.0 = Debug|Any CPU
		{12AADF58-C4DA-4E43-B963-3E642AB0F6AE}.Release|Any CPU.ActiveCfg = Release|Any CPU
		{12AADF58-C4DA-4E43-B963-3E642AB0F6AE}.Release|Any CPU.Build.0 = Release|Any CPU
	EndGlobalSection
	GlobalSection(SolutionProperties) = preSolution
		HideSolutionNode = FALSE
	EndGlobalSection
	GlobalSection(ExtensibilityGlobals) = postSolution
		SolutionGuid = {4E0A8B56-2596-4B8D-8490-620E955FE7D0}
	EndGlobalSection
EndGlobal
